
Microsoft Visual Studio Solution File, Format Version 12.00
# Visual Studio 14
VisualStudioVersion = 14.0.23107.0
MinimumVisualStudioVersion = 10.0.40219.1
Project("{FAE04EC0-301F-11D3-BF4B-00C04F79EFBC}") = "CharactersAndStrings", "CharactersAndStrings\CharactersAndStrings.csproj", "{ECCE550B-AA3E-443C-8003-0286FF6F400C}"
EndProject
Global
	GlobalSection(SolutionConfigurationPlatforms) = preSolution
		Debug|Any CPU = Debug|Any CPU
		Release|Any CPU = Release|Any CPU
	EndGlobalSection
	GlobalSection(ProjectConfigurationPlatforms) = postSolution
		{ECCE550B-AA3E-443C-8003-0286FF6F400C}.Debug|Any CPU.ActiveCfg = Debug|Any CPU
		{ECCE550B-AA3E-443C-8003-0286FF6F400C}.Debug|Any CPU.Build.0 = Debug|Any CPU
		{ECCE550B-AA3E-443C-8003-0286FF6F400C}.Release|Any CPU.ActiveCfg = Release|Any CPU
		{ECCE550B-AA3E-443C-8003-0286FF6F400C}.Release|Any CPU.Build.0 = Release|Any CPU
	EndGlobalSection
	GlobalSection(SolutionProperties) = preSolution
		HideSolutionNode = FALSE
	EndGlobalSection
EndGlobal
